
Microsoft Visual Studio Solution File, Format Version 12.00
# Visual Studio Version 17
VisualStudioVersion = 17.4.33213.308
MinimumVisualStudioVersion = 10.0.40219.1
Project("{9A19103F-16F7-4668-BE54-9A1E7A4F7556}") = "WorkOutTracker", "WorkOutTracker\WorkOutTracker.csproj", "{71FBB7E1-C409-463F-A98E-CE7BE63CB92A}"
EndProject
Global
	GlobalSection(SolutionConfigurationPlatforms) = preSolution
		Debug|Any CPU = Debug|Any CPU
		Release|Any CPU = Release|Any CPU
	EndGlobalSection
	GlobalSection(ProjectConfigurationPlatforms) = postSolution
		{71FBB7E1-C409-463F-A98E-CE7BE63CB92A}.Debug|Any CPU.ActiveCfg = Debug|Any CPU
		{71FBB7E1-C409-463F-A98E-CE7BE63CB92A}.Debug|Any CPU.Build.0 = Debug|Any CPU
		{71FBB7E1-C409-463F-A98E-CE7BE63CB92A}.Release|Any CPU.ActiveCfg = Release|Any CPU
		{71FBB7E1-C409-463F-A98E-CE7BE63CB92A}.Release|Any CPU.Build.0 = Release|Any CPU
	EndGlobalSection
	GlobalSection(SolutionProperties) = preSolution
		HideSolutionNode = FALSE
	EndGlobalSection
	GlobalSection(ExtensibilityGlobals) = postSolution
		SolutionGuid = {AD2BAC8E-3603-4C9F-92D9-F4553850FCDC}
	EndGlobalSection
EndGlobal
